// !$*UTF8*$!
{
	archiveVersion = 1;
	classes = {
	};
	objectVersion = 48;
	objects = {

/* Begin PBXBuildFile section */
		000C9C3E201E9DBF00D67946 /* AppDelegate.swift in Sources */ = {isa = PBXBuildFile; fileRef = 000C9C3D201E9DBF00D67946 /* AppDelegate.swift */; };
		000C9C40201E9DBF00D67946 /* ViewController.swift in Sources */ = {isa = PBXBuildFile; fileRef = 000C9C3F201E9DBF00D67946 /* ViewController.swift */; };
		000C9C43201E9DBF00D67946 /* Main.storyboard in Resources */ = {isa = PBXBuildFile; fileRef = 000C9C41201E9DBF00D67946 /* Main.storyboard */; };
		000C9C45201E9DBF00D67946 /* Assets.xcassets in Resources */ = {isa = PBXBuildFile; fileRef = 000C9C44201E9DBF00D67946 /* Assets.xcassets */; };
		000C9C48201E9DBF00D67946 /* LaunchScreen.storyboard in Resources */ = {isa = PBXBuildFile; fileRef = 000C9C46201E9DBF00D67946 /* LaunchScreen.storyboard */; };
/* End PBXBuildFile section */

/* Begin PBXFileReference section */
		000C9C3A201E9DBF00D67946 /* sizeClass.app */ = {isa = PBXFileReference; explicitFileType = wrapper.application; includeInIndex = 0; path = sizeClass.app; sourceTree = BUILT_PRODUCTS_DIR; };
		000C9C3D201E9DBF00D67946 /* AppDelegate.swift */ = {isa = PBXFileReference; lastKnownFileType = sourcecode.swift; path = AppDelegate.swift; sourceTree = "<group>"; };
		000C9C3F201E9DBF00D67946 /* ViewController.swift */ = {isa = PBXFileReference; lastKnownFileType = sourcecode.swift; path = ViewController.swift; sourceTree = "<group>"; };
		000C9C42201E9DBF00D67946 /* Base */ = {isa = PBXFileReference; lastKnownFileType = file.storyboard; name = Base; path = Base.lproj/Main.storyboard; sourceTree = "<group>"; };
		000C9C44201E9DBF00D67946 /* Assets.xcassets */ = {isa = PBXFileReference; lastKnownFileType = folder.assetcatalog; path = Assets.xcassets; sourceTree = "<group>"; };
		000C9C47201E9DBF00D67946 /* Base */ = {isa = PBXFileReference; lastKnownFileType = file.storyboard; name = Base; path = Base.lproj/LaunchScreen.storyboard; sourceTree = "<group>"; };
		000C9C49201E9DBF00D67946 /* Info.plist */ = {isa = PBXFileReference; lastKnownFileType = text.plist.xml; path = Info.plist; sourceTree = "<group>"; };
/* End PBXFileReference section */

/* Begin PBXFrameworksBuildPhase section */
		000C9C37201E9DBF00D67946 /* Frameworks */ = {
			isa = PBXFrameworksBuildPhase;
			buildActionMask = 2147483647;
			files = (
			);
			runOnlyForDeploymentPostprocessing = 0;
		};
/* End PBXFrameworksBuildPhase section */

/* Begin PBXGroup section */
		000C9C31201E9DBE00D67946 = {
			isa = PBXGroup;
			children = (
				000C9C3C201E9DBF00D67946 /* sizeClass */,
				000C9C3B201E9DBF00D67946 /* Products */,
			);
			sourceTree = "<group>";
		};
		000C9C3B201E9DBF00D67946 /* Products */ = {
			isa = PBXGroup;
			children = (
				000C9C3A201E9DBF00D67946 /* sizeClass.app */,
			);
			name = Products;
			sourceTree = "<group>";
		};
		000C9C3C201E9DBF00D67946 /* sizeClass */ = {
			isa = PBXGroup;
			children = (
				000C9C3D201E9DBF00D67946 /* AppDelegate.swift */,
				000C9C3F201E9DBF00D67946 /* ViewController.swift */,
				000C9C41201E9DBF00D67946 /* Main.storyboard */,
				000C9C44201E9DBF00D67946 /* Assets.xcassets */,
				000C9C46201E9DBF00D67946 /* LaunchScreen.storyboard */,
				000C9C49201E9DBF00D67946 /* Info.plist */,
			);
			path = sizeClass;
			sourceTree = "<group>";
		};
/* End PBXGroup section */

/* Begin PBXNativeTarget section */
		000C9C39201E9DBF00D67946 /* sizeClass */ = {
			isa = PBXNativeTarget;
			buildConfigurationList = 000C9C4C201E9DBF00D67946 /* Build configuration list for PBXNativeTarget "sizeClass" */;
			buildPhases = (
				000C9C36201E9DBF00D67946 /* Sources */,
				000C9C37201E9DBF00D67946 /* Frameworks */,
				000C9C38201E9DBF00D67946 /* Resources */,
			);
			buildRules = (
			);
			dependencies = (
			);
			name = sizeClass;
			productName = sizeClass;
			productReference = 000C9C3A201E9DBF00D67946 /* sizeClass.app */;
			productType = "com.apple.product-type.application";
		};
/* End PBXNativeTarget section */

/* Begin PBXProject section */
		000C9C32201E9DBE00D67946 /* Project object */ = {
			isa = PBXProject;
			attributes = {
				LastSwiftUpdateCheck = 0920;
				LastUpgradeCheck = 0920;
				ORGANIZATIONNAME = "Amshuhu iTech Solutions";
				TargetAttributes = {
					000C9C39201E9DBF00D67946 = {
						CreatedOnToolsVersion = 9.2;
						ProvisioningStyle = Automatic;
					};
				};
			};
			buildConfigurationList = 000C9C35201E9DBE00D67946 /* Build configuration list for PBXProject "sizeClass" */;
			compatibilityVersion = "Xcode 8.0";
			developmentRegion = en;
			hasScannedForEncodings = 0;
			knownRegions = (
				en,
				Base,
			);
			mainGroup = 000C9C31201E9DBE00D67946;
			productRefGroup = 000C9C3B201E9DBF00D67946 /* Products */;
			projectDirPath = "";
			projectRoot = "";
			targets = (
				000C9C39201E9DBF00D67946 /* sizeClass */,
			);
		};
/* End PBXProject section */

/* Begin PBXResourcesBuildPhase section */
		000C9C38201E9DBF00D67946 /* Resources */ = {
			isa = PBXResourcesBuildPhase;
			buildActionMask = 2147483647;
			files = (
				000C9C48201E9DBF00D67946 /* LaunchScreen.storyboard in Resources */,
				000C9C45201E9DBF00D67946 /* Assets.xcassets in Resources */,
				000C9C43201E9DBF00D67946 /* Main.storyboard in Resources */,
			);
			runOnlyForDeploymentPostprocessing = 0;
		};
/* End PBXResourcesBuildPhase section */

/* Begin PBXSourcesBuildPhase section */
		000C9C36201E9DBF00D67946 /* Sources */ = {
			isa = PBXSourcesBuildPhase;
			buildActionMask = 2147483647;
			files = (
				000C9C40201E9DBF00D67946 /* ViewController.swift in Sources */,
				000C9C3E201E9DBF00D67946 /* AppDelegate.swift in Sources */,
			);
			runOnlyForDeploymentPostprocessing = 0;
		};
/* End PBXSourcesBuildPhase section */

/* Begin PBXVariantGroup section */
		000C9C41201E9DBF00D67946 /* Main.storyboard */ = {
			isa = PBXVariantGroup;
			children = (
				000C9C42201E9DBF00D67946 /* Base */,
			);
			name = Main.storyboard;
			sourceTree = "<group>";
		};
		000C9C46201E9DBF00D67946 /* LaunchScreen.storyboard */ = {
			isa = PBXVariantGroup;
			children = (
				000C9C47201E9DBF00D67946 /* Base */,
			);
			name = LaunchScreen.storyboard;
			sourceTree = "<group>";
		};
/* End PBXVariantGroup section */

/* Begin XCBuildConfiguration section */
		000C9C4A201E9DBF00D67946 /* Debug */ = {
			isa = XCBuildConfiguration;
			buildSettings = {
				ALWAYS_SEARCH_USER_PATHS = NO;
				CLANG_ANALYZER_NONNULL = YES;
				CLANG_ANALYZER_NUMBER_OBJECT_CONVERSION = YES_AGGRESSIVE;
				CLANG_CXX_LANGUAGE_STANDARD = "gnu++14";
				CLANG_CXX_LIBRARY = "libc++";
				CLANG_ENABLE_MODULES = YES;
				CLANG_ENABLE_OBJC_ARC = YES;
				CLANG_WARN_BLOCK_CAPTURE_AUTORELEASING = YES;
				CLANG_WARN_BOOL_CONVERSION = YES;
				CLANG_WARN_COMMA = YES;
				CLANG_WARN_CONSTANT_CONVERSION = YES;
				CLANG_WARN_DIRECT_OBJC_ISA_USAGE = YES_ERROR;
				CLANG_WARN_DOCUMENTATION_COMMENTS = YES;
				CLANG_WARN_EMPTY_BODY = YES;
				CLANG_WARN_ENUM_CONVERSION = YES;
				CLANG_WARN_INFINITE_RECURSION = YES;
				CLANG_WARN_INT_CONVERSION = YES;
				CLANG_WARN_NON_LITERAL_NULL_CONVERSION = YES;
				CLANG_WARN_OBJC_LITERAL_CONVERSION = YES;
				CLANG_WARN_OBJC_ROOT_CLASS = YES_ERROR;
				CLANG_WARN_RANGE_LOOP_ANALYSIS = YES;
				CLANG_WARN_STRICT_PROTOTYPES = YES;
				CLANG_WARN_SUSPICIOUS_MOVE = YES;
				CLANG_WARN_UNGUARDED_AVAILABILITY = YES_AGGRESSIVE;
				CLANG_WARN_UNREACHABLE_CODE = YES;
				CLANG_WARN__DUPLICATE_METHOD_MATCH = YES;
				CODE_SIGN_IDENTITY = "iPhone Developer";
				COPY_PHASE_STRIP = NO;
				DEBUG_INFORMATION_FORMAT = dwarf;
				ENABLE_STRICT_OBJC_MSGSEND = YES;
				ENABLE_TESTABILITY = YES;
				GCC_C_LANGUAGE_STANDARD = gnu11;
				GCC_DYNAMIC_NO_PIC = NO;
				GCC_NO_COMMON_BLOCKS = YES;
				GCC_OPTIMIZATION_LEVEL = 0;
				GCC_PREPROCESSOR_DEFINITIONS = (
					"DEBUG=1",
					"$(inherited)",
				);
				GCC_WARN_64_TO_32_BIT_CONVERSION = YES;
				GCC_WARN_ABOUT_RETURN_TYPE = YES_ERROR;
				GCC_WARN_UNDECLARED_SELECTOR = YES;
				GCC_WARN_UNINITIALIZED_AUTOS = YES_AGGRESSIVE;
				GCC_WARN_UNUSED_FUNCTION = YES;
				GCC_WARN_UNUSED_VARIABLE = YES;
				IPHONEOS_DEPLOYMENT_TARGET = 11.2;
				MTL_ENABLE_DEBUG_INFO = YES;
				ONLY_ACTIVE_ARCH = YES;
				SDKROOT = iphoneos;
				SWIFT_ACTIVE_COMPILATION_CONDITIONS = DEBUG;
				SWIFT_OPTIMIZATION_LEVEL = "-Onone";
			};
			name = Debug;
		};
		000C9C4B201E9DBF00D67946 /* Release */ = {
			isa = XCBuildConfiguration;
			buildSettings = {
				ALWAYS_SEARCH_USER_PATHS = NO;
				CLANG_ANALYZER_NONNULL = YES;
				CLANG_ANALYZER_NUMBER_OBJECT_CONVERSION = YES_AGGRESSIVE;
				CLANG_CXX_LANGUAGE_STANDARD = "gnu++14";
				CLANG_CXX_LIBRARY = "libc++";
				CLANG_ENABLE_MODULES = YES;
				CLANG_ENABLE_OBJC_ARC = YES;
				CLANG_WARN_BLOCK_CAPTURE_AUTORELEASING = YES;
				CLANG_WARN_BOOL_CONVERSION = YES;
				CLANG_WARN_COMMA = YES;
				CLANG_WARN_CONSTANT_CONVERSION = YES;
				CLANG_WARN_DIRECT_OBJC_ISA_USAGE = YES_ERROR;
				CLANG_WARN_DOCUMENTATION_COMMENTS = YES;
				CLANG_WARN_EMPTY_BODY = YES;
				CLANG_WARN_ENUM_CONVERSION = YES;
				CLANG_WARN_INFINITE_RECURSION = YES;
				CLANG_WARN_INT_CONVERSION = YES;
				CLANG_WARN_NON_LITERAL_NULL_CONVERSION = YES;
				CLANG_WARN_OBJC_LITERAL_CONVERSION = YES;
				CLANG_WARN_OBJC_ROOT_CLASS = YES_ERROR;
				CLANG_WARN_RANGE_LOOP_ANALYSIS = YES;
				CLANG_WARN_STRICT_PROTOTYPES = YES;
				CLANG_WARN_SUSPICIOUS_MOVE = YES;
				CLANG_WARN_UNGUARDED_AVAILABILITY = YES_AGGRESSIVE;
				CLANG_WARN_UNREACHABLE_CODE = YES;
				CLANG_WARN__DUPLICATE_METHOD_MATCH = YES;
				CODE_SIGN_IDENTITY = "iPhone Developer";
				COPY_PHASE_STRIP = NO;
				DEBUG_INFORMATION_FORMAT = "dwarf-with-dsym";
				ENABLE_NS_ASSERTIONS = NO;
				ENABLE_STRICT_OBJC_MSGSEND = YES;
				GCC_C_LANGUAGE_STANDARD = gnu11;
				GCC_NO_COMMON_BLOCKS = YES;
				GCC_WARN_64_TO_32_BIT_CONVERSION = YES;
				GCC_WARN_ABOUT_RETURN_TYPE = YES_ERROR;
				GCC_WARN_UNDECLARED_SELECTOR = YES;
				GCC_WARN_UNINITIALIZED_AUTOS = YES_AGGRESSIVE;
				GCC_WARN_UNUSED_FUNCTION = YES;
				GCC_WARN_UNUSED_VARIABLE = YES;
				IPHONEOS_DEPLOYMENT_TARGET = 11.2;
				MTL_ENABLE_DEBUG_INFO = NO;
				SDKROOT = iphoneos;
				SWIFT_OPTIMIZATION_LEVEL = "-Owholemodule";
				VALIDATE_PRODUCT = YES;
			};
			name = Release;
		};
		000C9C4D201E9DBF00D67946 /* Debug */ = {
			isa = XCBuildConfiguration;
			buildSettings = {
				ASSETCATALOG_COMPILER_APPICON_NAME = AppIcon;
				CODE_SIGN_STYLE = Automatic;
				DEVELOPMENT_TEAM = C38BVZ7F7M;
				INFOPLIST_FILE = sizeClass/Info.plist;
				LD_RUNPATH_SEARCH_PATHS = "$(inherited) @executable_path/Frameworks";
				PRODUCT_BUNDLE_IDENTIFIER = com.amshuhu.sizeClass;
				PRODUCT_NAME = "$(TARGET_NAME)";
				SWIFT_VERSION = 4.0;
				TARGETED_DEVICE_FAMILY = "1,2";
			};
			name = Debug;
		};
		000C9C4E201E9DBF00D67946 /* Release */ = {
			isa = XCBuildConfiguration;
			buildSettings = {
				ASSETCATALOG_COMPILER_APPICON_NAME = AppIcon;
				CODE_SIGN_STYLE = Automatic;
				DEVELOPMENT_TEAM = C38BVZ7F7M;
				INFOPLIST_FILE = sizeClass/Info.plist;
				LD_RUNPATH_SEARCH_PATHS = "$(inherited) @executable_path/Frameworks";
				PRODUCT_BUNDLE_IDENTIFIER = com.amshuhu.sizeClass;
				PRODUCT_NAME = "$(TARGET_NAME)";
				SWIFT_VERSION = 4.0;
				TARGETED_DEVICE_FAMILY = "1,2";
			};
			name = Release;
		};
/* End XCBuildConfiguration section */

/* Begin XCConfigurationList section */
		000C9C35201E9DBE00D67946 /* Build configuration list for PBXProject "sizeClass" */ = {
			isa = XCConfigurationList;
			buildConfigurations = (
				000C9C4A201E9DBF00D67946 /* Debug */,
				000C9C4B201E9DBF00D67946 /* Release */,
			);
			defaultConfigurationIsVisible = 0;
			defaultConfigurationName = Release;
		};
		000C9C4C201E9DBF00D67946 /* Build configuration list for PBXNativeTarget "sizeClass" */ = {
			isa = XCConfigurationList;
			buildConfigurations = (
				000C9C4D201E9DBF00D67946 /* Debug */,
				000C9C4E201E9DBF00D67946 /* Release */,
			);
			defaultConfigurationIsVisible = 0;
			defaultConfigurationName = Release;
		};
/* End XCConfigurationList section */
	};
	rootObject = 000C9C32201E9DBE00D67946 /* Project object */;
}
